// !$*UTF8*$!
{
	archiveVersion = 1;
	classes = {
	};
	objectVersion = 46;
	objects = {

/* Begin PBXBuildFile section */
		CD08660E1B7C80AD00777267 /* main.m in Sources */ = {isa = PBXBuildFile; fileRef = CD08660D1B7C80AD00777267 /* main.m */; };
		CD0866111B7C80AD00777267 /* AppDelegate.m in Sources */ = {isa = PBXBuildFile; fileRef = CD0866101B7C80AD00777267 /* AppDelegate.m */; };
		CD0866141B7C80AD00777267 /* ViewController.m in Sources */ = {isa = PBXBuildFile; fileRef = CD0866131B7C80AD00777267 /* ViewController.m */; };
		CD0866171B7C80AD00777267 /* Main.storyboard in Resources */ = {isa = PBXBuildFile; fileRef = CD0866151B7C80AD00777267 /* Main.storyboard */; };
		CD0866191B7C80AD00777267 /* Images.xcassets in Resources */ = {isa = PBXBuildFile; fileRef = CD0866181B7C80AD00777267 /* Images.xcassets */; };
		CD08661C1B7C80AD00777267 /* LaunchScreen.xib in Resources */ = {isa = PBXBuildFile; fileRef = CD08661A1B7C80AD00777267 /* LaunchScreen.xib */; };
		CD0866281B7C80AD00777267 /* testTabTests.m in Sources */ = {isa = PBXBuildFile; fileRef = CD0866271B7C80AD00777267 /* testTabTests.m */; };
		CD0866331B7C80E400777267 /* TabVC.m in Sources */ = {isa = PBXBuildFile; fileRef = CD0866321B7C80E400777267 /* TabVC.m */; };
		CD0866361B7C810500777267 /* ViewController2.m in Sources */ = {isa = PBXBuildFile; fileRef = CD0866351B7C810500777267 /* ViewController2.m */; };
		CD0866391B7C82A700777267 /* NavController.m in Sources */ = {isa = PBXBuildFile; fileRef = CD0866381B7C82A700777267 /* NavController.m */; };
		CD08663C1B7C885A00777267 /* SecondViewController.m in Sources */ = {isa = PBXBuildFile; fileRef = CD08663B1B7C885A00777267 /* SecondViewController.m */; };
/* End PBXBuildFile section */

/* Begin PBXContainerItemProxy section */
		CD0866221B7C80AD00777267 /* PBXContainerItemProxy */ = {
			isa = PBXContainerItemProxy;
			containerPortal = CD0866001B7C80AD00777267 /* Project object */;
			proxyType = 1;
			remoteGlobalIDString = CD0866071B7C80AD00777267;
			remoteInfo = testTab;
		};
/* End PBXContainerItemProxy section */

/* Begin PBXFileReference section */
		CD0866081B7C80AD00777267 /* testTab.app */ = {isa = PBXFileReference; explicitFileType = wrapper.application; includeInIndex = 0; path = testTab.app; sourceTree = BUILT_PRODUCTS_DIR; };
		CD08660C1B7C80AD00777267 /* Info.plist */ = {isa = PBXFileReference; lastKnownFileType = text.plist.xml; path = Info.plist; sourceTree = "<group>"; };
		CD08660D1B7C80AD00777267 /* main.m */ = {isa = PBXFileReference; lastKnownFileType = sourcecode.c.objc; path = main.m; sourceTree = "<group>"; };
		CD08660F1B7C80AD00777267 /* AppDelegate.h */ = {isa = PBXFileReference; lastKnownFileType = sourcecode.c.h; path = AppDelegate.h; sourceTree = "<group>"; };
		CD0866101B7C80AD00777267 /* AppDelegate.m */ = {isa = PBXFileReference; lastKnownFileType = sourcecode.c.objc; path = AppDelegate.m; sourceTree = "<group>"; };
		CD0866121B7C80AD00777267 /* ViewController.h */ = {isa = PBXFileReference; lastKnownFileType = sourcecode.c.h; path = ViewController.h; sourceTree = "<group>"; };
		CD0866131B7C80AD00777267 /* ViewController.m */ = {isa = PBXFileReference; lastKnownFileType = sourcecode.c.objc; path = ViewController.m; sourceTree = "<group>"; };
		CD0866161B7C80AD00777267 /* Base */ = {isa = PBXFileReference; lastKnownFileType = file.storyboard; name = Base; path = Base.lproj/Main.storyboard; sourceTree = "<group>"; };
		CD0866181B7C80AD00777267 /* Images.xcassets */ = {isa = PBXFileReference; lastKnownFileType = folder.assetcatalog; path = Images.xcassets; sourceTree = "<group>"; };
		CD08661B1B7C80AD00777267 /* Base */ = {isa = PBXFileReference; lastKnownFileType = file.xib; name = Base; path = Base.lproj/LaunchScreen.xib; sourceTree = "<group>"; };
		CD0866211B7C80AD00777267 /* testTabTests.xctest */ = {isa = PBXFileReference; explicitFileType = wrapper.cfbundle; includeInIndex = 0; path = testTabTests.xctest; sourceTree = BUILT_PRODUCTS_DIR; };
		CD0866261B7C80AD00777267 /* Info.plist */ = {isa = PBXFileReference; lastKnownFileType = text.plist.xml; path = Info.plist; sourceTree = "<group>"; };
		CD0866271B7C80AD00777267 /* testTabTests.m */ = {isa = PBXFileReference; lastKnownFileType = sourcecode.c.objc; path = testTabTests.m; sourceTree = "<group>"; };
		CD0866311B7C80E400777267 /* TabVC.h */ = {isa = PBXFileReference; fileEncoding = 4; lastKnownFileType = sourcecode.c.h; path = TabVC.h; sourceTree = "<group>"; };
		CD0866321B7C80E400777267 /* TabVC.m */ = {isa = PBXFileReference; fileEncoding = 4; lastKnownFileType = sourcecode.c.objc; path = TabVC.m; sourceTree = "<group>"; };
		CD0866341B7C810500777267 /* ViewController2.h */ = {isa = PBXFileReference; fileEncoding = 4; lastKnownFileType = sourcecode.c.h; path = ViewController2.h; sourceTree = "<group>"; };
		CD0866351B7C810500777267 /* ViewController2.m */ = {isa = PBXFileReference; fileEncoding = 4; lastKnownFileType = sourcecode.c.objc; path = ViewController2.m; sourceTree = "<group>"; };
		CD0866371B7C82A700777267 /* NavController.h */ = {isa = PBXFileReference; fileEncoding = 4; lastKnownFileType = sourcecode.c.h; path = NavController.h; sourceTree = "<group>"; };
		CD0866381B7C82A700777267 /* NavController.m */ = {isa = PBXFileReference; fileEncoding = 4; lastKnownFileType = sourcecode.c.objc; path = NavController.m; sourceTree = "<group>"; };
		CD08663A1B7C885A00777267 /* SecondViewController.h */ = {isa = PBXFileReference; fileEncoding = 4; lastKnownFileType = sourcecode.c.h; path = SecondViewController.h; sourceTree = "<group>"; };
		CD08663B1B7C885A00777267 /* SecondViewController.m */ = {isa = PBXFileReference; fileEncoding = 4; lastKnownFileType = sourcecode.c.objc; path = SecondViewController.m; sourceTree = "<group>"; };
/* End PBXFileReference section */

/* Begin PBXFrameworksBuildPhase section */
		CD0866051B7C80AD00777267 /* Frameworks */ = {
			isa = PBXFrameworksBuildPhase;
			buildActionMask = 2147483647;
			files = (
			);
			runOnlyForDeploymentPostprocessing = 0;
		};
		CD08661E1B7C80AD00777267 /* Frameworks */ = {
			isa = PBXFrameworksBuildPhase;
			buildActionMask = 2147483647;
			files = (
			);
			runOnlyForDeploymentPostprocessing = 0;
		};
/* End PBXFrameworksBuildPhase section */

/* Begin PBXGroup section */
		CD0865FF1B7C80AD00777267 = {
			isa = PBXGroup;
			children = (
				CD08660A1B7C80AD00777267 /* testTab */,
				CD0866241B7C80AD00777267 /* testTabTests */,
				CD0866091B7C80AD00777267 /* Products */,
			);
			sourceTree = "<group>";
		};
		CD0866091B7C80AD00777267 /* Products */ = {
			isa = PBXGroup;
			children = (
				CD0866081B7C80AD00777267 /* testTab.app */,
				CD0866211B7C80AD00777267 /* testTabTests.xctest */,
			);
			name = Products;
			sourceTree = "<group>";
		};
		CD08660A1B7C80AD00777267 /* testTab */ = {
			isa = PBXGroup;
			children = (
				CD0866341B7C810500777267 /* ViewController2.h */,
				CD0866351B7C810500777267 /* ViewController2.m */,
				CD0866371B7C82A700777267 /* NavController.h */,
				CD0866381B7C82A700777267 /* NavController.m */,
				CD08663A1B7C885A00777267 /* SecondViewController.h */,
				CD08663B1B7C885A00777267 /* SecondViewController.m */,
				CD0866311B7C80E400777267 /* TabVC.h */,
				CD0866321B7C80E400777267 /* TabVC.m */,
				CD08660F1B7C80AD00777267 /* AppDelegate.h */,
				CD0866101B7C80AD00777267 /* AppDelegate.m */,
				CD0866121B7C80AD00777267 /* ViewController.h */,
				CD0866131B7C80AD00777267 /* ViewController.m */,
				CD0866151B7C80AD00777267 /* Main.storyboard */,
				CD0866181B7C80AD00777267 /* Images.xcassets */,
				CD08661A1B7C80AD00777267 /* LaunchScreen.xib */,
				CD08660B1B7C80AD00777267 /* Supporting Files */,
			);
			path = testTab;
			sourceTree = "<group>";
		};
		CD08660B1B7C80AD00777267 /* Supporting Files */ = {
			isa = PBXGroup;
			children = (
				CD08660C1B7C80AD00777267 /* Info.plist */,
				CD08660D1B7C80AD00777267 /* main.m */,
			);
			name = "Supporting Files";
			sourceTree = "<group>";
		};
		CD0866241B7C80AD00777267 /* testTabTests */ = {
			isa = PBXGroup;
			children = (
				CD0866271B7C80AD00777267 /* testTabTests.m */,
				CD0866251B7C80AD00777267 /* Supporting Files */,
			);
			path = testTabTests;
			sourceTree = "<group>";
		};
		CD0866251B7C80AD00777267 /* Supporting Files */ = {
			isa = PBXGroup;
			children = (
				CD0866261B7C80AD00777267 /* Info.plist */,
			);
			name = "Supporting Files";
			sourceTree = "<group>";
		};
/* End PBXGroup section */

/* Begin PBXNativeTarget section */
		CD0866071B7C80AD00777267 /* testTab */ = {
			isa = PBXNativeTarget;
			buildConfigurationList = CD08662B1B7C80AD00777267 /* Build configuration list for PBXNativeTarget "testTab" */;
			buildPhases = (
				CD0866041B7C80AD00777267 /* Sources */,
				CD0866051B7C80AD00777267 /* Frameworks */,
				CD0866061B7C80AD00777267 /* Resources */,
			);
			buildRules = (
			);
			dependencies = (
			);
			name = testTab;
			productName = testTab;
			productReference = CD0866081B7C80AD00777267 /* testTab.app */;
			productType = "com.apple.product-type.application";
		};
		CD0866201B7C80AD00777267 /* testTabTests */ = {
			isa = PBXNativeTarget;
			buildConfigurationList = CD08662E1B7C80AD00777267 /* Build configuration list for PBXNativeTarget "testTabTests" */;
			buildPhases = (
				CD08661D1B7C80AD00777267 /* Sources */,
				CD08661E1B7C80AD00777267 /* Frameworks */,
				CD08661F1B7C80AD00777267 /* Resources */,
			);
			buildRules = (
			);
			dependencies = (
				CD0866231B7C80AD00777267 /* PBXTargetDependency */,
			);
			name = testTabTests;
			productName = testTabTests;
			productReference = CD0866211B7C80AD00777267 /* testTabTests.xctest */;
			productType = "com.apple.product-type.bundle.unit-test";
		};
/* End PBXNativeTarget section */

/* Begin PBXProject section */
		CD0866001B7C80AD00777267 /* Project object */ = {
			isa = PBXProject;
			attributes = {
				LastUpgradeCheck = 0640;
				ORGANIZATIONNAME = yiban;
				TargetAttributes = {
					CD0866071B7C80AD00777267 = {
						CreatedOnToolsVersion = 6.4;
					};
					CD0866201B7C80AD00777267 = {
						CreatedOnToolsVersion = 6.4;
						TestTargetID = CD0866071B7C80AD00777267;
					};
				};
			};
			buildConfigurationList = CD0866031B7C80AD00777267 /* Build configuration list for PBXProject "testTab" */;
			compatibilityVersion = "Xcode 3.2";
			developmentRegion = English;
			hasScannedForEncodings = 0;
			knownRegions = (
				en,
				Base,
			);
			mainGroup = CD0865FF1B7C80AD00777267;
			productRefGroup = CD0866091B7C80AD00777267 /* Products */;
			projectDirPath = "";
			projectRoot = "";
			targets = (
				CD0866071B7C80AD00777267 /* testTab */,
				CD0866201B7C80AD00777267 /* testTabTests */,
			);
		};
/* End PBXProject section */

/* Begin PBXResourcesBuildPhase section */
		CD0866061B7C80AD00777267 /* Resources */ = {
			isa = PBXResourcesBuildPhase;
			buildActionMask = 2147483647;
			files = (
				CD0866171B7C80AD00777267 /* Main.storyboard in Resources */,
				CD08661C1B7C80AD00777267 /* LaunchScreen.xib in Resources */,
				CD0866191B7C80AD00777267 /* Images.xcassets in Resources */,
			);
			runOnlyForDeploymentPostprocessing = 0;
		};
		CD08661F1B7C80AD00777267 /* Resources */ = {
			isa = PBXResourcesBuildPhase;
			buildActionMask = 2147483647;
			files = (
			);
			runOnlyForDeploymentPostprocessing = 0;
		};
/* End PBXResourcesBuildPhase section */

/* Begin PBXSourcesBuildPhase section */
		CD0866041B7C80AD00777267 /* Sources */ = {
			isa = PBXSourcesBuildPhase;
			buildActionMask = 2147483647;
			files = (
				CD0866141B7C80AD00777267 /* ViewController.m in Sources */,
				CD0866111B7C80AD00777267 /* AppDelegate.m in Sources */,
				CD0866361B7C810500777267 /* ViewController2.m in Sources */,
				CD08663C1B7C885A00777267 /* SecondViewController.m in Sources */,
				CD0866391B7C82A700777267 /* NavController.m in Sources */,
				CD0866331B7C80E400777267 /* TabVC.m in Sources */,
				CD08660E1B7C80AD00777267 /* main.m in Sources */,
			);
			runOnlyForDeploymentPostprocessing = 0;
		};
		CD08661D1B7C80AD00777267 /* Sources */ = {
			isa = PBXSourcesBuildPhase;
			buildActionMask = 2147483647;
			files = (
				CD0866281B7C80AD00777267 /* testTabTests.m in Sources */,
			);
			runOnlyForDeploymentPostprocessing = 0;
		};
/* End PBXSourcesBuildPhase section */

/* Begin PBXTargetDependency section */
		CD0866231B7C80AD00777267 /* PBXTargetDependency */ = {
			isa = PBXTargetDependency;
			target = CD0866071B7C80AD00777267 /* testTab */;
			targetProxy = CD0866221B7C80AD00777267 /* PBXContainerItemProxy */;
		};
/* End PBXTargetDependency section */

/* Begin PBXVariantGroup section */
		CD0866151B7C80AD00777267 /* Main.storyboard */ = {
			isa = PBXVariantGroup;
			children = (
				CD0866161B7C80AD00777267 /* Base */,
			);
			name = Main.storyboard;
			sourceTree = "<group>";
		};
		CD08661A1B7C80AD00777267 /* LaunchScreen.xib */ = {
			isa = PBXVariantGroup;
			children = (
				CD08661B1B7C80AD00777267 /* Base */,
			);
			name = LaunchScreen.xib;
			sourceTree = "<group>";
		};
/* End PBXVariantGroup section */

/* Begin XCBuildConfiguration section */
		CD0866291B7C80AD00777267 /* Debug */ = {
			isa = XCBuildConfiguration;
			buildSettings = {
				ALWAYS_SEARCH_USER_PATHS = NO;
				CLANG_CXX_LANGUAGE_STANDARD = "gnu++0x";
				CLANG_CXX_LIBRARY = "libc++";
				CLANG_ENABLE_MODULES = YES;
				CLANG_ENABLE_OBJC_ARC = YES;
				CLANG_WARN_BOOL_CONVERSION = YES;
				CLANG_WARN_CONSTANT_CONVERSION = YES;
				CLANG_WARN_DIRECT_OBJC_ISA_USAGE = YES_ERROR;
				CLANG_WARN_EMPTY_BODY = YES;
				CLANG_WARN_ENUM_CONVERSION = YES;
				CLANG_WARN_INT_CONVERSION = YES;
				CLANG_WARN_OBJC_ROOT_CLASS = YES_ERROR;
				CLANG_WARN_UNREACHABLE_CODE = YES;
				CLANG_WARN__DUPLICATE_METHOD_MATCH = YES;
				"CODE_SIGN_IDENTITY[sdk=iphoneos*]" = "iPhone Developer";
				COPY_PHASE_STRIP = NO;
				DEBUG_INFORMATION_FORMAT = "dwarf-with-dsym";
				ENABLE_STRICT_OBJC_MSGSEND = YES;
				GCC_C_LANGUAGE_STANDARD = gnu99;
				GCC_DYNAMIC_NO_PIC = NO;
				GCC_NO_COMMON_BLOCKS = YES;
				GCC_OPTIMIZATION_LEVEL = 0;
				GCC_PREPROCESSOR_DEFINITIONS = (
					"DEBUG=1",
					"$(inherited)",
				);
				GCC_SYMBOLS_PRIVATE_EXTERN = NO;
				GCC_WARN_64_TO_32_BIT_CONVERSION = YES;
				GCC_WARN_ABOUT_RETURN_TYPE = YES_ERROR;
				GCC_WARN_UNDECLARED_SELECTOR = YES;
				GCC_WARN_UNINITIALIZED_AUTOS = YES_AGGRESSIVE;
				GCC_WARN_UNUSED_FUNCTION = YES;
				GCC_WARN_UNUSED_VARIABLE = YES;
				IPHONEOS_DEPLOYMENT_TARGET = 8.4;
				MTL_ENABLE_DEBUG_INFO = YES;
				ONLY_ACTIVE_ARCH = YES;
				SDKROOT = iphoneos;
				TARGETED_DEVICE_FAMILY = "1,2";
			};
			name = Debug;
		};
		CD08662A1B7C80AD00777267 /* Release */ = {
			isa = XCBuildConfiguration;
			buildSettings = {
				ALWAYS_SEARCH_USER_PATHS = NO;
				CLANG_CXX_LANGUAGE_STANDARD = "gnu++0x";
				CLANG_CXX_LIBRARY = "libc++";
				CLANG_ENABLE_MODULES = YES;
				CLANG_ENABLE_OBJC_ARC = YES;
				CLANG_WARN_BOOL_CONVERSION = YES;
				CLANG_WARN_CONSTANT_CONVERSION = YES;
				CLANG_WARN_DIRECT_OBJC_ISA_USAGE = YES_ERROR;
				CLANG_WARN_EMPTY_BODY = YES;
				CLANG_WARN_ENUM_CONVERSION = YES;
				CLANG_WARN_INT_CONVERSION = YES;
				CLANG_WARN_OBJC_ROOT_CLASS = YES_ERROR;
				CLANG_WARN_UNREACHABLE_CODE = YES;
				CLANG_WARN__DUPLICATE_METHOD_MATCH = YES;
				"CODE_SIGN_IDENTITY[sdk=iphoneos*]" = "iPhone Developer";
				COPY_PHASE_STRIP = NO;
				DEBUG_INFORMATION_FORMAT = "dwarf-with-dsym";
				ENABLE_NS_ASSERTIONS = NO;
				ENABLE_STRICT_OBJC_MSGSEND = YES;
				GCC_C_LANGUAGE_STANDARD = gnu99;
				GCC_NO_COMMON_BLOCKS = YES;
				GCC_WARN_64_TO_32_BIT_CONVERSION = YES;
				GCC_WARN_ABOUT_RETURN_TYPE = YES_ERROR;
				GCC_WARN_UNDECLARED_SELECTOR = YES;
				GCC_WARN_UNINITIALIZED_AUTOS = YES_AGGRESSIVE;
				GCC_WARN_UNUSED_FUNCTION = YES;
				GCC_WARN_UNUSED_VARIABLE = YES;
				IPHONEOS_DEPLOYMENT_TARGET = 8.4;
				MTL_ENABLE_DEBUG_INFO = NO;
				SDKROOT = iphoneos;
				TARGETED_DEVICE_FAMILY = "1,2";
				VALIDATE_PRODUCT = YES;
			};
			name = Release;
		};
		CD08662C1B7C80AD00777267 /* Debug */ = {
			isa = XCBuildConfiguration;
			buildSettings = {
				ASSETCATALOG_COMPILER_APPICON_NAME = AppIcon;
				INFOPLIST_FILE = testTab/Info.plist;
				LD_RUNPATH_SEARCH_PATHS = "$(inherited) @executable_path/Frameworks";
				PRODUCT_NAME = "$(TARGET_NAME)";
			};
			name = Debug;
		};
		CD08662D1B7C80AD00777267 /* Release */ = {
			isa = XCBuildConfiguration;
			buildSettings = {
				ASSETCATALOG_COMPILER_APPICON_NAME = AppIcon;
				INFOPLIST_FILE = testTab/Info.plist;
				LD_RUNPATH_SEARCH_PATHS = "$(inherited) @executable_path/Frameworks";
				PRODUCT_NAME = "$(TARGET_NAME)";
			};
			name = Release;
		};
		CD08662F1B7C80AD00777267 /* Debug */ = {
			isa = XCBuildConfiguration;
			buildSettings = {
				BUNDLE_LOADER = "$(TEST_HOST)";
				FRAMEWORK_SEARCH_PATHS = (
					"$(SDKROOT)/Developer/Library/Frameworks",
					"$(inherited)",
				);
				GCC_PREPROCESSOR_DEFINITIONS = (
					"DEBUG=1",
					"$(inherited)",
				);
				INFOPLIST_FILE = testTabTests/Info.plist;
				LD_RUNPATH_SEARCH_PATHS = "$(inherited) @executable_path/Frameworks @loader_path/Frameworks";
				PRODUCT_NAME = "$(TARGET_NAME)";
				TEST_HOST = "$(BUILT_PRODUCTS_DIR)/testTab.app/testTab";
			};
			name = Debug;
		};
		CD0866301B7C80AD00777267 /* Release */ = {
			isa = XCBuildConfiguration;
			buildSettings = {
				BUNDLE_LOADER = "$(TEST_HOST)";
				FRAMEWORK_SEARCH_PATHS = (
					"$(SDKROOT)/Developer/Library/Frameworks",
					"$(inherited)",
				);
				INFOPLIST_FILE = testTabTests/Info.plist;
				LD_RUNPATH_SEARCH_PATHS = "$(inherited) @executable_path/Frameworks @loader_path/Frameworks";
				PRODUCT_NAME = "$(TARGET_NAME)";
				TEST_HOST = "$(BUILT_PRODUCTS_DIR)/testTab.app/testTab";
			};
			name = Release;
		};
/* End XCBuildConfiguration section */

/* Begin XCConfigurationList section */
		CD0866031B7C80AD00777267 /* Build configuration list for PBXProject "testTab" */ = {
			isa = XCConfigurationList;
			buildConfigurations = (
				CD0866291B7C80AD00777267 /* Debug */,
				CD08662A1B7C80AD00777267 /* Release */,
			);
			defaultConfigurationIsVisible = 0;
			defaultConfigurationName = Release;
		};
		CD08662B1B7C80AD00777267 /* Build configuration list for PBXNativeTarget "testTab" */ = {
			isa = XCConfigurationList;
			buildConfigurations = (
				CD08662C1B7C80AD00777267 /* Debug */,
				CD08662D1B7C80AD00777267 /* Release */,
			);
			defaultConfigurationIsVisible = 0;
		};
		CD08662E1B7C80AD00777267 /* Build configuration list for PBXNativeTarget "testTabTests" */ = {
			isa = XCConfigurationList;
			buildConfigurations = (
				CD08662F1B7C80AD00777267 /* Debug */,
				CD0866301B7C80AD00777267 /* Release */,
			);
			defaultConfigurationIsVisible = 0;
		};
/* End XCConfigurationList section */
	};
	rootObject = CD0866001B7C80AD00777267 /* Project object */;
}
